
Microsoft Visual Studio Solution File, Format Version 12.00
# Visual Studio 2013
VisualStudioVersion = 12.0.31101.0
MinimumVisualStudioVersion = 10.0.40219.1
Project("{FAE04EC0-301F-11D3-BF4B-00C04F79EFBC}") = "Brainfuck.NET", "Brainfuck.NET\Brainfuck.NET.csproj", "{2C0A7429-FF38-406D-BCC5-861989C47903}"
EndProject
Project("{FAE04EC0-301F-11D3-BF4B-00C04F79EFBC}") = "Brainfuck.NET.Tests", "Brainfuck.NET.Tests\Brainfuck.NET.Tests.csproj", "{2C573833-48F5-4159-A9EB-95BA8106805E}"
	ProjectSection(ProjectDependencies) = postProject
		{2C0A7429-FF38-406D-BCC5-861989C47903} = {2C0A7429-FF38-406D-BCC5-861989C47903}
	EndProjectSection
EndProject
Global
	GlobalSection(SolutionConfigurationPlatforms) = preSolution
		Debug|Any CPU = Debug|Any CPU
		Release|Any CPU = Release|Any CPU
	EndGlobalSection
	GlobalSection(ProjectConfigurationPlatforms) = postSolution
		{2C0A7429-FF38-406D-BCC5-861989C47903}.Debug|Any CPU.ActiveCfg = Debug|Any CPU
		{2C0A7429-FF38-406D-BCC5-861989C47903}.Debug|Any CPU.Build.0 = Debug|Any CPU
		{2C0A7429-FF38-406D-BCC5-861989C47903}.Release|Any CPU.ActiveCfg = Release|Any CPU
		{2C0A7429-FF38-406D-BCC5-861989C47903}.Release|Any CPU.Build.0 = Release|Any CPU
		{2C573833-48F5-4159-A9EB-95BA8106805E}.Debug|Any CPU.ActiveCfg = Debug|Any CPU
		{2C573833-48F5-4159-A9EB-95BA8106805E}.Debug|Any CPU.Build.0 = Debug|Any CPU
		{2C573833-48F5-4159-A9EB-95BA8106805E}.Release|Any CPU.ActiveCfg = Release|Any CPU
		{2C573833-48F5-4159-A9EB-95BA8106805E}.Release|Any CPU.Build.0 = Release|Any CPU
	EndGlobalSection
	GlobalSection(SolutionProperties) = preSolution
		HideSolutionNode = FALSE
	EndGlobalSection
EndGlobal
